
Microsoft Visual Studio Solution File, Format Version 12.00
# Visual Studio Version 17
VisualStudioVersion = 17.8.34330.188
MinimumVisualStudioVersion = 10.0.40219.1
Project("{9A19103F-16F7-4668-BE54-9A1E7A4F7556}") = "RefactorThis.Application", "RefactorThis.Application\RefactorThis.Application.csproj", "{1634DF7F-3090-4069-9611-FFA8CB1C96CB}"
EndProject
Project("{9A19103F-16F7-4668-BE54-9A1E7A4F7556}") = "RefactorThis.Domain", "RefactorThis.Domain\RefactorThis.Domain.csproj", "{D25EBFB0-F7F8-4650-8DE7-EF47E62DBE07}"
EndProject
Project("{9A19103F-16F7-4668-BE54-9A1E7A4F7556}") = "RefactorThis.Domain.Tests", "RefactorThis.Domain.Tests\RefactorThis.Domain.Tests.csproj", "{B5402F0C-AFCC-41DC-8B00-C347959FAEE6}"
EndProject
Project("{FAE04EC0-301F-11D3-BF4B-00C04F79EFBC}") = "RefactorThis.Shared", "RefactorThis.Shared\RefactorThis.Shared.csproj", "{DF47F454-8ACF-4280-9FB3-A6F4994DA33E}"
EndProject
Project("{FAE04EC0-301F-11D3-BF4B-00C04F79EFBC}") = "RefactorThis.Infrastructure", "RefactorThis.Infrastructure\RefactorThis.Infrastructure.csproj", "{4C3269D2-6A76-42CC-87FE-A3DCD78110E2}"
EndProject
Global
	GlobalSection(SolutionConfigurationPlatforms) = preSolution
		Debug|Any CPU = Debug|Any CPU
		Release|Any CPU = Release|Any CPU
	EndGlobalSection
	GlobalSection(ProjectConfigurationPlatforms) = postSolution
		{1634DF7F-3090-4069-9611-FFA8CB1C96CB}.Debug|Any CPU.ActiveCfg = Debug|Any CPU
		{1634DF7F-3090-4069-9611-FFA8CB1C96CB}.Debug|Any CPU.Build.0 = Debug|Any CPU
		{1634DF7F-3090-4069-9611-FFA8CB1C96CB}.Release|Any CPU.ActiveCfg = Release|Any CPU
		{1634DF7F-3090-4069-9611-FFA8CB1C96CB}.Release|Any CPU.Build.0 = Release|Any CPU
		{D25EBFB0-F7F8-4650-8DE7-EF47E62DBE07}.Debug|Any CPU.ActiveCfg = Debug|Any CPU
		{D25EBFB0-F7F8-4650-8DE7-EF47E62DBE07}.Debug|Any CPU.Build.0 = Debug|Any CPU
		{D25EBFB0-F7F8-4650-8DE7-EF47E62DBE07}.Release|Any CPU.ActiveCfg = Release|Any CPU
		{D25EBFB0-F7F8-4650-8DE7-EF47E62DBE07}.Release|Any CPU.Build.0 = Release|Any CPU
		{B5402F0C-AFCC-41DC-8B00-C347959FAEE6}.Debug|Any CPU.ActiveCfg = Debug|Any CPU
		{B5402F0C-AFCC-41DC-8B00-C347959FAEE6}.Debug|Any CPU.Build.0 = Debug|Any CPU
		{B5402F0C-AFCC-41DC-8B00-C347959FAEE6}.Release|Any CPU.ActiveCfg = Release|Any CPU
		{B5402F0C-AFCC-41DC-8B00-C347959FAEE6}.Release|Any CPU.Build.0 = Release|Any CPU
		{DF47F454-8ACF-4280-9FB3-A6F4994DA33E}.Debug|Any CPU.ActiveCfg = Debug|Any CPU
		{DF47F454-8ACF-4280-9FB3-A6F4994DA33E}.Debug|Any CPU.Build.0 = Debug|Any CPU
		{DF47F454-8ACF-4280-9FB3-A6F4994DA33E}.Release|Any CPU.ActiveCfg = Release|Any CPU
		{DF47F454-8ACF-4280-9FB3-A6F4994DA33E}.Release|Any CPU.Build.0 = Release|Any CPU
		{4C3269D2-6A76-42CC-87FE-A3DCD78110E2}.Debug|Any CPU.ActiveCfg = Debug|Any CPU
		{4C3269D2-6A76-42CC-87FE-A3DCD78110E2}.Debug|Any CPU.Build.0 = Debug|Any CPU
		{4C3269D2-6A76-42CC-87FE-A3DCD78110E2}.Release|Any CPU.ActiveCfg = Release|Any CPU
		{4C3269D2-6A76-42CC-87FE-A3DCD78110E2}.Release|Any CPU.Build.0 = Release|Any CPU
	EndGlobalSection
	GlobalSection(SolutionProperties) = preSolution
		HideSolutionNode = FALSE
	EndGlobalSection
	GlobalSection(ExtensibilityGlobals) = postSolution
		SolutionGuid = {D8F31D29-93FF-44E4-A2E0-662522B5F199}
	EndGlobalSection
EndGlobal
